
Microsoft Visual Studio Solution File, Format Version 12.00
# Visual Studio Version 17
VisualStudioVersion = 17.12.35527.113 d17.12
MinimumVisualStudioVersion = 10.0.40219.1
Project("{FAE04EC0-301F-11D3-BF4B-00C04F79EFBC}") = "HeroParagon", "HeroParagon\HeroParagon.csproj", "{52DD49B3-AF8C-4554-81F8-221A659548B8}"
EndProject
Global
	GlobalSection(SolutionConfigurationPlatforms) = preSolution
		Debug|Any CPU = Debug|Any CPU
		Release|Any CPU = Release|Any CPU
	EndGlobalSection
	GlobalSection(ProjectConfigurationPlatforms) = postSolution
		{52DD49B3-AF8C-4554-81F8-221A659548B8}.Debug|Any CPU.ActiveCfg = Debug|Any CPU
		{52DD49B3-AF8C-4554-81F8-221A659548B8}.Debug|Any CPU.Build.0 = Debug|Any CPU
		{52DD49B3-AF8C-4554-81F8-221A659548B8}.Release|Any CPU.ActiveCfg = Release|Any CPU
		{52DD49B3-AF8C-4554-81F8-221A659548B8}.Release|Any CPU.Build.0 = Release|Any CPU
	EndGlobalSection
	GlobalSection(SolutionProperties) = preSolution
		HideSolutionNode = FALSE
	EndGlobalSection
EndGlobal
